<?xml version="1.0" encoding="utf-8"?>
<Project ToolsVersion="4.0" xmlns="http://schemas.microsoft.com/developer/msbuild/2003">
  <ItemGroup>
    <Filter Include="Source Files">
      <UniqueIdentifier>{4FC737F1-C7A5-4376-A066-2A32D752A2FF}</UniqueIdentifier>
      <Extensions>cpp;c;cc;cxx;def;odl;idl;hpj;bat;asm;asmx</Extensions>
    </Filter>
    <Filter Include="Header Files">
      <UniqueIdentifier>{93995380-89BD-4b04-88EB-625FBE52EBFB}</UniqueIdentifier>
      <Extensions>h;hh;hpp;hxx;hm;inl;inc;ipp;xsd</Extensions>
    </Filter>
    <Filter Include="Resource Files">
      <UniqueIdentifier>{67DA6AB6-F800-4c08-8B7A-83BB121AAD01}</UniqueIdentifier>
      <Extensions>rc;ico;cur;bmp;dlg;rc2;rct;bin;rgs;gif;jpg;jpeg;jpe;resx;tiff;tif;png;wav;mfcribbon-ms</Extensions>
    </Filter>
    <Filter Include="Gestures">
      <UniqueIdentifier>{65d3330e-c7d7-4bed-9c23-f5918f7a4f65}</UniqueIdentifier>
    </Filter>
    <Filter Include="Gestures\Headers">
      <UniqueIdentifier>{e49ec915-f05e-4219-bd22-461175933e4a}</UniqueIdentifier>
    </Filter>
    <Filter Include="Gestures\Source">
      <UniqueIdentifier>{c660ec6d-c779-4d11-b850-df735b1c3f9b}</UniqueIdentifier>
    </Filter>
  </ItemGroup>
  <ItemGroup>
    <ClCompile Include="main.cpp">
      <Filter>Source Files</Filter>
    </ClCompile>
    <ClCompile Include="Window.cpp">
      <Filter>Source Files</Filter>
    </ClCompile>
    <ClCompile Include="SimonSays.cpp">
      <Filter>Source Files</Filter>
    </ClCompile>
    <ClCompile Include="User.cpp">
      <Filter>Source Files</Filter>
    </ClCompile>
    <ClCompile Include="KinectStream.cpp">
      <Filter>Source Files</Filter>
    </ClCompile>
    <ClCompile Include="HandsOnHead.cpp">
      <Filter>Gestures\Source</Filter>
    </ClCompile>
    <ClCompile Include="HandsOnHips.cpp">
      <Filter>Gestures\Source</Filter>
    </ClCompile>
    <ClCompile Include="HandsOnShoulders.cpp">
      <Filter>Gestures\Source</Filter>
    </ClCompile>
    <ClCompile Include="SquatGesture.cpp">
      <Filter>Gestures\Source</Filter>
    </ClCompile>
    <ClCompile Include="StandOnOneLeg.cpp">
      <Filter>Gestures\Source</Filter>
    </ClCompile>
    <ClCompile Include="WaveGesture.cpp">
      <Filter>Gestures\Source</Filter>
    </ClCompile>
    <ClCompile Include="INIHandler.cpp">
      <Filter>Source Files</Filter>
    </ClCompile>
    <ClCompile Include="GestureRecEngine.cpp">
      <Filter>Gestures\Source</Filter>
    </ClCompile>
    <ClCompile Include="HandsOutFront.cpp">
      <Filter>Gestures\Source</Filter>
    </ClCompile>
  </ItemGroup>
  <ItemGroup>
    <ClInclude Include="Window.h">
      <Filter>Header Files</Filter>
    </ClInclude>
    <ClInclude Include="HandsOnHead.h">
      <Filter>Gestures\Headers</Filter>
    </ClInclude>
    <ClInclude Include="HandsOnHips.h">
      <Filter>Gestures\Headers</Filter>
    </ClInclude>
    <ClInclude Include="SimonSays.h">
      <Filter>Header Files</Filter>
    </ClInclude>
    <ClInclude Include="HandsOnShoulders.h">
      <Filter>Gestures\Headers</Filter>
    </ClInclude>
    <ClInclude Include="WaveGesture.h">
      <Filter>Gestures\Headers</Filter>
    </ClInclude>
    <ClInclude Include="StandOnOneLeg.h">
      <Filter>Gestures\Headers</Filter>
    </ClInclude>
    <ClInclude Include="SquatGesture.h">
      <Filter>Gestures\Headers</Filter>
    </ClInclude>
    <ClInclude Include="User.h">
      <Filter>Header Files</Filter>
    </ClInclude>
    <ClInclude Include="GestureRecEngine.h">
      <Filter>Header Files</Filter>
    </ClInclude>
    <ClInclude Include="KinectStream.h">
      <Filter>Header Files</Filter>
    </ClInclude>
    <ClInclude Include="Gesture.h">
      <Filter>Gestures</Filter>
    </ClInclude>
    <ClInclude Include="INIHandler.h">
      <Filter>Header Files</Filter>
    </ClInclude>
    <ClInclude Include="HandsOutFront.h">
      <Filter>Gestures\Headers</Filter>
    </ClInclude>
  </ItemGroup>
</Project>