
Microsoft Visual Studio Solution File, Format Version 12.00
# Visual Studio 15
VisualStudioVersion = 15.0.27703.2018
MinimumVisualStudioVersion = 10.0.40219.1
Project("{8BC9CEB8-8B4A-11D0-8D11-00A0C91BC942}") = "KinectWindows", "KinectWindows\KinectWindows.vcxproj", "{C5705F33-B441-4BD5-A52A-6FEE46912E27}"
EndProject
Global
	GlobalSection(SolutionConfigurationPlatforms) = preSolution
		Debug|x64 = Debug|x64
		Debug|x86 = Debug|x86
		Release|x64 = Release|x64
		Release|x86 = Release|x86
	EndGlobalSection
	GlobalSection(ProjectConfigurationPlatforms) = postSolution
		{C5705F33-B441-4BD5-A52A-6FEE46912E27}.Debug|x64.ActiveCfg = Debug|x64
		{C5705F33-B441-4BD5-A52A-6FEE46912E27}.Debug|x64.Build.0 = Debug|x64
		{C5705F33-B441-4BD5-A52A-6FEE46912E27}.Debug|x86.ActiveCfg = Debug|Win32
		{C5705F33-B441-4BD5-A52A-6FEE46912E27}.Debug|x86.Build.0 = Debug|Win32
		{C5705F33-B441-4BD5-A52A-6FEE46912E27}.Release|x64.ActiveCfg = Release|x64
		{C5705F33-B441-4BD5-A52A-6FEE46912E27}.Release|x64.Build.0 = Release|x64
		{C5705F33-B441-4BD5-A52A-6FEE46912E27}.Release|x86.ActiveCfg = Release|Win32
		{C5705F33-B441-4BD5-A52A-6FEE46912E27}.Release|x86.Build.0 = Release|Win32
	EndGlobalSection
	GlobalSection(SolutionProperties) = preSolution
		HideSolutionNode = FALSE
	EndGlobalSection
	GlobalSection(ExtensibilityGlobals) = postSolution
		SolutionGuid = {FB02874A-8CD1-4DE1-9C66-242E9C23E390}
	EndGlobalSection
EndGlobal
